// !$*UTF8*$!
{
	archiveVersion = 1;
	classes = {
	};
	objectVersion = 55;
	objects = {

/* Begin PBXBuildFile section */
		DBD85D1D282B556700B061D7 /* AppDelegate.swift in Sources */ = {isa = PBXBuildFile; fileRef = DBD85D1C282B556700B061D7 /* AppDelegate.swift */; };
		DBD85D1F282B556700B061D7 /* SceneDelegate.swift in Sources */ = {isa = PBXBuildFile; fileRef = DBD85D1E282B556700B061D7 /* SceneDelegate.swift */; };
		DBD85D21282B556700B061D7 /* ViewController.swift in Sources */ = {isa = PBXBuildFile; fileRef = DBD85D20282B556700B061D7 /* ViewController.swift */; };
		DBD85D24282B556700B061D7 /* Main.storyboard in Resources */ = {isa = PBXBuildFile; fileRef = DBD85D22282B556700B061D7 /* Main.storyboard */; };
		DBD85D26282B556900B061D7 /* Assets.xcassets in Resources */ = {isa = PBXBuildFile; fileRef = DBD85D25282B556900B061D7 /* Assets.xcassets */; };
		DBD85D29282B556900B061D7 /* LaunchScreen.storyboard in Resources */ = {isa = PBXBuildFile; fileRef = DBD85D27282B556900B061D7 /* LaunchScreen.storyboard */; };
		DBD85D33282B593800B061D7 /* tail.png in Resources */ = {isa = PBXBuildFile; fileRef = DBD85D31282B593800B061D7 /* tail.png */; };
		DBD85D34282B593800B061D7 /* bar.png in Resources */ = {isa = PBXBuildFile; fileRef = DBD85D32282B593800B061D7 /* bar.png */; };
		DBD85D36282B5AB900B061D7 /* GameViewController.swift in Sources */ = {isa = PBXBuildFile; fileRef = DBD85D35282B5AB900B061D7 /* GameViewController.swift */; };
		DBD85D38282B5AC500B061D7 /* RankingViewController.swift in Sources */ = {isa = PBXBuildFile; fileRef = DBD85D37282B5AC500B061D7 /* RankingViewController.swift */; };
/* End PBXBuildFile section */

/* Begin PBXFileReference section */
		DBD85D19282B556700B061D7 /* BarabaraGame.app */ = {isa = PBXFileReference; explicitFileType = wrapper.application; includeInIndex = 0; path = BarabaraGame.app; sourceTree = BUILT_PRODUCTS_DIR; };
		DBD85D1C282B556700B061D7 /* AppDelegate.swift */ = {isa = PBXFileReference; lastKnownFileType = sourcecode.swift; path = AppDelegate.swift; sourceTree = "<group>"; };
		DBD85D1E282B556700B061D7 /* SceneDelegate.swift */ = {isa = PBXFileReference; lastKnownFileType = sourcecode.swift; path = SceneDelegate.swift; sourceTree = "<group>"; };
		DBD85D20282B556700B061D7 /* ViewController.swift */ = {isa = PBXFileReference; lastKnownFileType = sourcecode.swift; path = ViewController.swift; sourceTree = "<group>"; };
		DBD85D23282B556700B061D7 /* Base */ = {isa = PBXFileReference; lastKnownFileType = file.storyboard; name = Base; path = Base.lproj/Main.storyboard; sourceTree = "<group>"; };
		DBD85D25282B556900B061D7 /* Assets.xcassets */ = {isa = PBXFileReference; lastKnownFileType = folder.assetcatalog; path = Assets.xcassets; sourceTree = "<group>"; };
		DBD85D28282B556900B061D7 /* Base */ = {isa = PBXFileReference; lastKnownFileType = file.storyboard; name = Base; path = Base.lproj/LaunchScreen.storyboard; sourceTree = "<group>"; };
		DBD85D2A282B556900B061D7 /* Info.plist */ = {isa = PBXFileReference; lastKnownFileType = text.plist.xml; path = Info.plist; sourceTree = "<group>"; };
		DBD85D31282B593800B061D7 /* tail.png */ = {isa = PBXFileReference; lastKnownFileType = image.png; path = tail.png; sourceTree = "<group>"; };
		DBD85D32282B593800B061D7 /* bar.png */ = {isa = PBXFileReference; lastKnownFileType = image.png; path = bar.png; sourceTree = "<group>"; };
		DBD85D35282B5AB900B061D7 /* GameViewController.swift */ = {isa = PBXFileReference; lastKnownFileType = sourcecode.swift; path = GameViewController.swift; sourceTree = "<group>"; };
		DBD85D37282B5AC500B061D7 /* RankingViewController.swift */ = {isa = PBXFileReference; lastKnownFileType = sourcecode.swift; path = RankingViewController.swift; sourceTree = "<group>"; };
/* End PBXFileReference section */

/* Begin PBXFrameworksBuildPhase section */
		DBD85D16282B556700B061D7 /* Frameworks */ = {
			isa = PBXFrameworksBuildPhase;
			buildActionMask = 2147483647;
			files = (
			);
			runOnlyForDeploymentPostprocessing = 0;
		};
/* End PBXFrameworksBuildPhase section */

/* Begin PBXGroup section */
		DBD85D10282B556700B061D7 = {
			isa = PBXGroup;
			children = (
				DBD85D1B282B556700B061D7 /* BarabaraGame */,
				DBD85D1A282B556700B061D7 /* Products */,
			);
			sourceTree = "<group>";
		};
		DBD85D1A282B556700B061D7 /* Products */ = {
			isa = PBXGroup;
			children = (
				DBD85D19282B556700B061D7 /* BarabaraGame.app */,
			);
			name = Products;
			sourceTree = "<group>";
		};
		DBD85D1B282B556700B061D7 /* BarabaraGame */ = {
			isa = PBXGroup;
			children = (
				DBD85D1C282B556700B061D7 /* AppDelegate.swift */,
				DBD85D1E282B556700B061D7 /* SceneDelegate.swift */,
				DBD85D20282B556700B061D7 /* ViewController.swift */,
				DBD85D35282B5AB900B061D7 /* GameViewController.swift */,
				DBD85D37282B5AC500B061D7 /* RankingViewController.swift */,
				DBD85D22282B556700B061D7 /* Main.storyboard */,
				DBD85D25282B556900B061D7 /* Assets.xcassets */,
				DBD85D27282B556900B061D7 /* LaunchScreen.storyboard */,
				DBD85D30282B593800B061D7 /* Barabara素材 */,
				DBD85D2A282B556900B061D7 /* Info.plist */,
			);
			path = BarabaraGame;
			sourceTree = "<group>";
		};
		DBD85D30282B593800B061D7 /* Barabara素材 */ = {
			isa = PBXGroup;
			children = (
				DBD85D31282B593800B061D7 /* tail.png */,
				DBD85D32282B593800B061D7 /* bar.png */,
			);
			path = "Barabara素材";
			sourceTree = "<group>";
		};
/* End PBXGroup section */

/* Begin PBXNativeTarget section */
		DBD85D18282B556700B061D7 /* BarabaraGame */ = {
			isa = PBXNativeTarget;
			buildConfigurationList = DBD85D2D282B556900B061D7 /* Build configuration list for PBXNativeTarget "BarabaraGame" */;
			buildPhases = (
				DBD85D15282B556700B061D7 /* Sources */,
				DBD85D16282B556700B061D7 /* Frameworks */,
				DBD85D17282B556700B061D7 /* Resources */,
			);
			buildRules = (
			);
			dependencies = (
			);
			name = BarabaraGame;
			productName = BarabaraGame;
			productReference = DBD85D19282B556700B061D7 /* BarabaraGame.app */;
			productType = "com.apple.product-type.application";
		};
/* End PBXNativeTarget section */

/* Begin PBXProject section */
		DBD85D11282B556700B061D7 /* Project object */ = {
			isa = PBXProject;
			attributes = {
				BuildIndependentTargetsInParallel = 1;
				LastSwiftUpdateCheck = 1320;
				LastUpgradeCheck = 1320;
				TargetAttributes = {
					DBD85D18282B556700B061D7 = {
						CreatedOnToolsVersion = 13.2.1;
					};
				};
			};
			buildConfigurationList = DBD85D14282B556700B061D7 /* Build configuration list for PBXProject "BarabaraGame" */;
			compatibilityVersion = "Xcode 13.0";
			developmentRegion = en;
			hasScannedForEncodings = 0;
			knownRegions = (
				en,
				Base,
			);
			mainGroup = DBD85D10282B556700B061D7;
			productRefGroup = DBD85D1A282B556700B061D7 /* Products */;
			projectDirPath = "";
			projectRoot = "";
			targets = (
				DBD85D18282B556700B061D7 /* BarabaraGame */,
			);
		};
/* End PBXProject section */

/* Begin PBXResourcesBuildPhase section */
		DBD85D17282B556700B061D7 /* Resources */ = {
			isa = PBXResourcesBuildPhase;
			buildActionMask = 2147483647;
			files = (
				DBD85D29282B556900B061D7 /* LaunchScreen.storyboard in Resources */,
				DBD85D34282B593800B061D7 /* bar.png in Resources */,
				DBD85D33282B593800B061D7 /* tail.png in Resources */,
				DBD85D26282B556900B061D7 /* Assets.xcassets in Resources */,
				DBD85D24282B556700B061D7 /* Main.storyboard in Resources */,
			);
			runOnlyForDeploymentPostprocessing = 0;
		};
/* End PBXResourcesBuildPhase section */

/* Begin PBXSourcesBuildPhase section */
		DBD85D15282B556700B061D7 /* Sources */ = {
			isa = PBXSourcesBuildPhase;
			buildActionMask = 2147483647;
			files = (
				DBD85D38282B5AC500B061D7 /* RankingViewController.swift in Sources */,
				DBD85D36282B5AB900B061D7 /* GameViewController.swift in Sources */,
				DBD85D21282B556700B061D7 /* ViewController.swift in Sources */,
				DBD85D1D282B556700B061D7 /* AppDelegate.swift in Sources */,
				DBD85D1F282B556700B061D7 /* SceneDelegate.swift in Sources */,
			);
			runOnlyForDeploymentPostprocessing = 0;
		};
/* End PBXSourcesBuildPhase section */

/* Begin PBXVariantGroup section */
		DBD85D22282B556700B061D7 /* Main.storyboard */ = {
			isa = PBXVariantGroup;
			children = (
				DBD85D23282B556700B061D7 /* Base */,
			);
			name = Main.storyboard;
			sourceTree = "<group>";
		};
		DBD85D27282B556900B061D7 /* LaunchScreen.storyboard */ = {
			isa = PBXVariantGroup;
			children = (
				DBD85D28282B556900B061D7 /* Base */,
			);
			name = LaunchScreen.storyboard;
			sourceTree = "<group>";
		};
/* End PBXVariantGroup section */

/* Begin XCBuildConfiguration section */
		DBD85D2B282B556900B061D7 /* Debug */ = {
			isa = XCBuildConfiguration;
			buildSettings = {
				ALWAYS_SEARCH_USER_PATHS = NO;
				CLANG_ANALYZER_NONNULL = YES;
				CLANG_ANALYZER_NUMBER_OBJECT_CONVERSION = YES_AGGRESSIVE;
				CLANG_CXX_LANGUAGE_STANDARD = "gnu++17";
				CLANG_CXX_LIBRARY = "libc++";
				CLANG_ENABLE_MODULES = YES;
				CLANG_ENABLE_OBJC_ARC = YES;
				CLANG_ENABLE_OBJC_WEAK = YES;
				CLANG_WARN_BLOCK_CAPTURE_AUTORELEASING = YES;
				CLANG_WARN_BOOL_CONVERSION = YES;
				CLANG_WARN_COMMA = YES;
				CLANG_WARN_CONSTANT_CONVERSION = YES;
				CLANG_WARN_DEPRECATED_OBJC_IMPLEMENTATIONS = YES;
				CLANG_WARN_DIRECT_OBJC_ISA_USAGE = YES_ERROR;
				CLANG_WARN_DOCUMENTATION_COMMENTS = YES;
				CLANG_WARN_EMPTY_BODY = YES;
				CLANG_WARN_ENUM_CONVERSION = YES;
				CLANG_WARN_INFINITE_RECURSION = YES;
				CLANG_WARN_INT_CONVERSION = YES;
				CLANG_WARN_NON_LITERAL_NULL_CONVERSION = YES;
				CLANG_WARN_OBJC_IMPLICIT_RETAIN_SELF = YES;
				CLANG_WARN_OBJC_LITERAL_CONVERSION = YES;
				CLANG_WARN_OBJC_ROOT_CLASS = YES_ERROR;
				CLANG_WARN_QUOTED_INCLUDE_IN_FRAMEWORK_HEADER = YES;
				CLANG_WARN_RANGE_LOOP_ANALYSIS = YES;
				CLANG_WARN_STRICT_PROTOTYPES = YES;
				CLANG_WARN_SUSPICIOUS_MOVE = YES;
				CLANG_WARN_UNGUARDED_AVAILABILITY = YES_AGGRESSIVE;
				CLANG_WARN_UNREACHABLE_CODE = YES;
				CLANG_WARN__DUPLICATE_METHOD_MATCH = YES;
				COPY_PHASE_STRIP = NO;
				DEBUG_INFORMATION_FORMAT = dwarf;
				ENABLE_STRICT_OBJC_MSGSEND = YES;
				ENABLE_TESTABILITY = YES;
				GCC_C_LANGUAGE_STANDARD = gnu11;
				GCC_DYNAMIC_NO_PIC = NO;
				GCC_NO_COMMON_BLOCKS = YES;
				GCC_OPTIMIZATION_LEVEL = 0;
				GCC_PREPROCESSOR_DEFINITIONS = (
					"DEBUG=1",
					"$(inherited)",
				);
				GCC_WARN_64_TO_32_BIT_CONVERSION = YES;
				GCC_WARN_ABOUT_RETURN_TYPE = YES_ERROR;
				GCC_WARN_UNDECLARED_SELECTOR = YES;
				GCC_WARN_UNINITIALIZED_AUTOS = YES_AGGRESSIVE;
				GCC_WARN_UNUSED_FUNCTION = YES;
				GCC_WARN_UNUSED_VARIABLE = YES;
				IPHONEOS_DEPLOYMENT_TARGET = 15.2;
				MTL_ENABLE_DEBUG_INFO = INCLUDE_SOURCE;
				MTL_FAST_MATH = YES;
				ONLY_ACTIVE_ARCH = YES;
				SDKROOT = iphoneos;
				SWIFT_ACTIVE_COMPILATION_CONDITIONS = DEBUG;
				SWIFT_OPTIMIZATION_LEVEL = "-Onone";
			};
			name = Debug;
		};
		DBD85D2C282B556900B061D7 /* Release */ = {
			isa = XCBuildConfiguration;
			buildSettings = {
				ALWAYS_SEARCH_USER_PATHS = NO;
				CLANG_ANALYZER_NONNULL = YES;
				CLANG_ANALYZER_NUMBER_OBJECT_CONVERSION = YES_AGGRESSIVE;
				CLANG_CXX_LANGUAGE_STANDARD = "gnu++17";
				CLANG_CXX_LIBRARY = "libc++";
				CLANG_ENABLE_MODULES = YES;
				CLANG_ENABLE_OBJC_ARC = YES;
				CLANG_ENABLE_OBJC_WEAK = YES;
				CLANG_WARN_BLOCK_CAPTURE_AUTORELEASING = YES;
				CLANG_WARN_BOOL_CONVERSION = YES;
				CLANG_WARN_COMMA = YES;
				CLANG_WARN_CONSTANT_CONVERSION = YES;
				CLANG_WARN_DEPRECATED_OBJC_IMPLEMENTATIONS = YES;
				CLANG_WARN_DIRECT_OBJC_ISA_USAGE = YES_ERROR;
				CLANG_WARN_DOCUMENTATION_COMMENTS = YES;
				CLANG_WARN_EMPTY_BODY = YES;
				CLANG_WARN_ENUM_CONVERSION = YES;
				CLANG_WARN_INFINITE_RECURSION = YES;
				CLANG_WARN_INT_CONVERSION = YES;
				CLANG_WARN_NON_LITERAL_NULL_CONVERSION = YES;
				CLANG_WARN_OBJC_IMPLICIT_RETAIN_SELF = YES;
				CLANG_WARN_OBJC_LITERAL_CONVERSION = YES;
				CLANG_WARN_OBJC_ROOT_CLASS = YES_ERROR;
				CLANG_WARN_QUOTED_INCLUDE_IN_FRAMEWORK_HEADER = YES;
				CLANG_WARN_RANGE_LOOP_ANALYSIS = YES;
				CLANG_WARN_STRICT_PROTOTYPES = YES;
				CLANG_WARN_SUSPICIOUS_MOVE = YES;
				CLANG_WARN_UNGUARDED_AVAILABILITY = YES_AGGRESSIVE;
				CLANG_WARN_UNREACHABLE_CODE = YES;
				CLANG_WARN__DUPLICATE_METHOD_MATCH = YES;
				COPY_PHASE_STRIP = NO;
				DEBUG_INFORMATION_FORMAT = "dwarf-with-dsym";
				ENABLE_NS_ASSERTIONS = NO;
				ENABLE_STRICT_OBJC_MSGSEND = YES;
				GCC_C_LANGUAGE_STANDARD = gnu11;
				GCC_NO_COMMON_BLOCKS = YES;
				GCC_WARN_64_TO_32_BIT_CONVERSION = YES;
				GCC_WARN_ABOUT_RETURN_TYPE = YES_ERROR;
				GCC_WARN_UNDECLARED_SELECTOR = YES;
				GCC_WARN_UNINITIALIZED_AUTOS = YES_AGGRESSIVE;
				GCC_WARN_UNUSED_FUNCTION = YES;
				GCC_WARN_UNUSED_VARIABLE = YES;
				IPHONEOS_DEPLOYMENT_TARGET = 15.2;
				MTL_ENABLE_DEBUG_INFO = NO;
				MTL_FAST_MATH = YES;
				SDKROOT = iphoneos;
				SWIFT_COMPILATION_MODE = wholemodule;
				SWIFT_OPTIMIZATION_LEVEL = "-O";
				VALIDATE_PRODUCT = YES;
			};
			name = Release;
		};
		DBD85D2E282B556900B061D7 /* Debug */ = {
			isa = XCBuildConfiguration;
			buildSettings = {
				ASSETCATALOG_COMPILER_APPICON_NAME = AppIcon;
				ASSETCATALOG_COMPILER_GLOBAL_ACCENT_COLOR_NAME = AccentColor;
				CODE_SIGN_STYLE = Automatic;
				CURRENT_PROJECT_VERSION = 1;
				GENERATE_INFOPLIST_FILE = YES;
				INFOPLIST_FILE = BarabaraGame/Info.plist;
				INFOPLIST_KEY_UIApplicationSupportsIndirectInputEvents = YES;
				INFOPLIST_KEY_UILaunchStoryboardName = LaunchScreen;
				INFOPLIST_KEY_UIMainStoryboardFile = Main;
				INFOPLIST_KEY_UISupportedInterfaceOrientations_iPad = "UIInterfaceOrientationPortrait UIInterfaceOrientationPortraitUpsideDown UIInterfaceOrientationLandscapeLeft UIInterfaceOrientationLandscapeRight";
				INFOPLIST_KEY_UISupportedInterfaceOrientations_iPhone = "UIInterfaceOrientationPortrait UIInterfaceOrientationLandscapeLeft UIInterfaceOrientationLandscapeRight";
				LD_RUNPATH_SEARCH_PATHS = (
					"$(inherited)",
					"@executable_path/Frameworks",
				);
				MARKETING_VERSION = 1.0;
				PRODUCT_BUNDLE_IDENTIFIER = app.yui.matsuda.BarabaraGame;
				PRODUCT_NAME = "$(TARGET_NAME)";
				SWIFT_EMIT_LOC_STRINGS = YES;
				SWIFT_VERSION = 5.0;
				TARGETED_DEVICE_FAMILY = "1,2";
			};
			name = Debug;
		};
		DBD85D2F282B556900B061D7 /* Release */ = {
			isa = XCBuildConfiguration;
			buildSettings = {
				ASSETCATALOG_COMPILER_APPICON_NAME = AppIcon;
				ASSETCATALOG_COMPILER_GLOBAL_ACCENT_COLOR_NAME = AccentColor;
				CODE_SIGN_STYLE = Automatic;
				CURRENT_PROJECT_VERSION = 1;
				GENERATE_INFOPLIST_FILE = YES;
				INFOPLIST_FILE = BarabaraGame/Info.plist;
				INFOPLIST_KEY_UIApplicationSupportsIndirectInputEvents = YES;
				INFOPLIST_KEY_UILaunchStoryboardName = LaunchScreen;
				INFOPLIST_KEY_UIMainStoryboardFile = Main;
				INFOPLIST_KEY_UISupportedInterfaceOrientations_iPad = "UIInterfaceOrientationPortrait UIInterfaceOrientationPortraitUpsideDown UIInterfaceOrientationLandscapeLeft UIInterfaceOrientationLandscapeRight";
				INFOPLIST_KEY_UISupportedInterfaceOrientations_iPhone = "UIInterfaceOrientationPortrait UIInterfaceOrientationLandscapeLeft UIInterfaceOrientationLandscapeRight";
				LD_RUNPATH_SEARCH_PATHS = (
					"$(inherited)",
					"@executable_path/Frameworks",
				);
				MARKETING_VERSION = 1.0;
				PRODUCT_BUNDLE_IDENTIFIER = app.yui.matsuda.BarabaraGame;
				PRODUCT_NAME = "$(TARGET_NAME)";
				SWIFT_EMIT_LOC_STRINGS = YES;
				SWIFT_VERSION = 5.0;
				TARGETED_DEVICE_FAMILY = "1,2";
			};
			name = Release;
		};
/* End XCBuildConfiguration section */

/* Begin XCConfigurationList section */
		DBD85D14282B556700B061D7 /* Build configuration list for PBXProject "BarabaraGame" */ = {
			isa = XCConfigurationList;
			buildConfigurations = (
				DBD85D2B282B556900B061D7 /* Debug */,
				DBD85D2C282B556900B061D7 /* Release */,
			);
			defaultConfigurationIsVisible = 0;
			defaultConfigurationName = Release;
		};
		DBD85D2D282B556900B061D7 /* Build configuration list for PBXNativeTarget "BarabaraGame" */ = {
			isa = XCConfigurationList;
			buildConfigurations = (
				DBD85D2E282B556900B061D7 /* Debug */,
				DBD85D2F282B556900B061D7 /* Release */,
			);
			defaultConfigurationIsVisible = 0;
			defaultConfigurationName = Release;
		};
/* End XCConfigurationList section */
	};
	rootObject = DBD85D11282B556700B061D7 /* Project object */;
}
